
Microsoft Visual Studio Solution File, Format Version 12.00
# Visual Studio Version 16
VisualStudioVersion = 16.0.29911.84
MinimumVisualStudioVersion = 10.0.40219.1
Project("{FAE04EC0-301F-11D3-BF4B-00C04F79EFBC}") = "Tranq.Twitch.ChannelPoints", "Tranq.Twitch.ChannelPoints\Tranq.Twitch.ChannelPoints.csproj", "{A0DC4A31-03C5-432D-A53D-B032F617381A}"
EndProject
Project("{FAE04EC0-301F-11D3-BF4B-00C04F79EFBC}") = "Tranq.Twitch.ChannelPoints.TwitchIntegration", "Tranq.Twitch.ChannelPoints.TwitchIntegration\Tranq.Twitch.ChannelPoints.TwitchIntegration.csproj", "{67AC7C2F-F10A-4679-AC12-4926BACC2E35}"
EndProject
Project("{FAE04EC0-301F-11D3-BF4B-00C04F79EFBC}") = "Tranq.Twitch.ChannelPoints.Core", "Tranq.Twitch.ChannelPoints.Core\Tranq.Twitch.ChannelPoints.Core.csproj", "{A45F1EAC-BEED-4AA5-9825-00F9770D67F2}"
EndProject
Project("{FAE04EC0-301F-11D3-BF4B-00C04F79EFBC}") = "Tranq.Twitch.ChannelPoints.Repository", "Tranq.Twitch.ChannelPoints.Repository\Tranq.Twitch.ChannelPoints.Repository.csproj", "{60242A72-F7DA-4C65-B56B-F8589F47E065}"
EndProject
Project("{FAE04EC0-301F-11D3-BF4B-00C04F79EFBC}") = "Tranq.Twitch.ChannelPoints.SoundRedemption", "Tranq.Twitch.ChannelPoints.SoundRedemption\Tranq.Twitch.ChannelPoints.SoundRedemption.csproj", "{6911FADC-6C77-4ED2-B668-A58F6F569923}"
EndProject
Project("{FAE04EC0-301F-11D3-BF4B-00C04F79EFBC}") = "Tranq.Twitch.ChannelPoints.ChatRedemption", "Tranq.Twitch.ChannelPoints.ChatRedemption\Tranq.Twitch.ChannelPoints.ChatRedemption.csproj", "{A31E17CF-0934-4DA1-B33A-1207545D8173}"
EndProject
Global
	GlobalSection(SolutionConfigurationPlatforms) = preSolution
		Debug|Any CPU = Debug|Any CPU
		Release|Any CPU = Release|Any CPU
	EndGlobalSection
	GlobalSection(ProjectConfigurationPlatforms) = postSolution
		{A0DC4A31-03C5-432D-A53D-B032F617381A}.Debug|Any CPU.ActiveCfg = Debug|Any CPU
		{A0DC4A31-03C5-432D-A53D-B032F617381A}.Debug|Any CPU.Build.0 = Debug|Any CPU
		{A0DC4A31-03C5-432D-A53D-B032F617381A}.Release|Any CPU.ActiveCfg = Release|Any CPU
		{A0DC4A31-03C5-432D-A53D-B032F617381A}.Release|Any CPU.Build.0 = Release|Any CPU
		{67AC7C2F-F10A-4679-AC12-4926BACC2E35}.Debug|Any CPU.ActiveCfg = Debug|Any CPU
		{67AC7C2F-F10A-4679-AC12-4926BACC2E35}.Debug|Any CPU.Build.0 = Debug|Any CPU
		{67AC7C2F-F10A-4679-AC12-4926BACC2E35}.Release|Any CPU.ActiveCfg = Release|Any CPU
		{67AC7C2F-F10A-4679-AC12-4926BACC2E35}.Release|Any CPU.Build.0 = Release|Any CPU
		{A45F1EAC-BEED-4AA5-9825-00F9770D67F2}.Debug|Any CPU.ActiveCfg = Debug|Any CPU
		{A45F1EAC-BEED-4AA5-9825-00F9770D67F2}.Debug|Any CPU.Build.0 = Debug|Any CPU
		{A45F1EAC-BEED-4AA5-9825-00F9770D67F2}.Release|Any CPU.ActiveCfg = Release|Any CPU
		{A45F1EAC-BEED-4AA5-9825-00F9770D67F2}.Release|Any CPU.Build.0 = Release|Any CPU
		{60242A72-F7DA-4C65-B56B-F8589F47E065}.Debug|Any CPU.ActiveCfg = Debug|Any CPU
		{60242A72-F7DA-4C65-B56B-F8589F47E065}.Debug|Any CPU.Build.0 = Debug|Any CPU
		{60242A72-F7DA-4C65-B56B-F8589F47E065}.Release|Any CPU.ActiveCfg = Release|Any CPU
		{60242A72-F7DA-4C65-B56B-F8589F47E065}.Release|Any CPU.Build.0 = Release|Any CPU
		{6911FADC-6C77-4ED2-B668-A58F6F569923}.Debug|Any CPU.ActiveCfg = Debug|Any CPU
		{6911FADC-6C77-4ED2-B668-A58F6F569923}.Debug|Any CPU.Build.0 = Debug|Any CPU
		{6911FADC-6C77-4ED2-B668-A58F6F569923}.Release|Any CPU.ActiveCfg = Release|Any CPU
		{6911FADC-6C77-4ED2-B668-A58F6F569923}.Release|Any CPU.Build.0 = Release|Any CPU
		{A31E17CF-0934-4DA1-B33A-1207545D8173}.Debug|Any CPU.ActiveCfg = Debug|Any CPU
		{A31E17CF-0934-4DA1-B33A-1207545D8173}.Debug|Any CPU.Build.0 = Debug|Any CPU
		{A31E17CF-0934-4DA1-B33A-1207545D8173}.Release|Any CPU.ActiveCfg = Release|Any CPU
		{A31E17CF-0934-4DA1-B33A-1207545D8173}.Release|Any CPU.Build.0 = Release|Any CPU
	EndGlobalSection
	GlobalSection(SolutionProperties) = preSolution
		HideSolutionNode = FALSE
	EndGlobalSection
	GlobalSection(ExtensibilityGlobals) = postSolution
		SolutionGuid = {AAFA8120-C5D1-4952-A7AA-43512F1761E4}
	EndGlobalSection
EndGlobal
